
Microsoft Visual Studio Solution File, Format Version 12.00
# Visual Studio 15
VisualStudioVersion = 15.0.27703.2026
MinimumVisualStudioVersion = 10.0.40219.1
Project("{2150E333-8FDC-42A3-9474-1A3956D46DE8}") = "Helpers", "Helpers", "{9A65D844-EA4F-4D9C-8BB6-2426D52088A3}"
EndProject
Project("{FAE04EC0-301F-11D3-BF4B-00C04F79EFBC}") = "Multithreading", "Multithreading\Multithreading.csproj", "{63753DF1-116C-4908-A334-96B415E0E198}"
EndProject
Global
	GlobalSection(SolutionConfigurationPlatforms) = preSolution
		Debug|Any CPU = Debug|Any CPU
		Release|Any CPU = Release|Any CPU
	EndGlobalSection
	GlobalSection(ProjectConfigurationPlatforms) = postSolution
		{63753DF1-116C-4908-A334-96B415E0E198}.Debug|Any CPU.ActiveCfg = Debug|Any CPU
		{63753DF1-116C-4908-A334-96B415E0E198}.Debug|Any CPU.Build.0 = Debug|Any CPU
		{63753DF1-116C-4908-A334-96B415E0E198}.Release|Any CPU.ActiveCfg = Release|Any CPU
		{63753DF1-116C-4908-A334-96B415E0E198}.Release|Any CPU.Build.0 = Release|Any CPU
	EndGlobalSection
	GlobalSection(SolutionProperties) = preSolution
		HideSolutionNode = FALSE
	EndGlobalSection
	GlobalSection(NestedProjects) = preSolution
		{63753DF1-116C-4908-A334-96B415E0E198} = {9A65D844-EA4F-4D9C-8BB6-2426D52088A3}
	EndGlobalSection
	GlobalSection(ExtensibilityGlobals) = postSolution
		SolutionGuid = {910D6C48-7A80-4E7A-8A8B-A99A84709AE9}
	EndGlobalSection
EndGlobal
