
Microsoft Visual Studio Solution File, Format Version 12.00
# Visual Studio 15
VisualStudioVersion = 15.0.27703.2026
MinimumVisualStudioVersion = 10.0.40219.1
Project("{9A19103F-16F7-4668-BE54-9A1E7A4F7556}") = "GoodPractices", "GoodPractices\GoodPractices.csproj", "{69293CD4-2C51-4816-BB24-00A497EF8D80}"
EndProject
Project("{FAE04EC0-301F-11D3-BF4B-00C04F79EFBC}") = "UnderTheHood", "UnderTheHood\UnderTheHood.csproj", "{CF0D084E-E15D-4FB0-BD8B-39F6E791175B}"
EndProject
Project("{FAE04EC0-301F-11D3-BF4B-00C04F79EFBC}") = "DesignPatterns", "DesignPatterns\DesignPatterns.csproj", "{01C1BB5F-B983-47A5-B474-38A7D36E647B}"
EndProject
Global
	GlobalSection(SolutionConfigurationPlatforms) = preSolution
		Debug|Any CPU = Debug|Any CPU
		Release|Any CPU = Release|Any CPU
	EndGlobalSection
	GlobalSection(ProjectConfigurationPlatforms) = postSolution
		{69293CD4-2C51-4816-BB24-00A497EF8D80}.Debug|Any CPU.ActiveCfg = Debug|Any CPU
		{69293CD4-2C51-4816-BB24-00A497EF8D80}.Debug|Any CPU.Build.0 = Debug|Any CPU
		{69293CD4-2C51-4816-BB24-00A497EF8D80}.Release|Any CPU.ActiveCfg = Release|Any CPU
		{69293CD4-2C51-4816-BB24-00A497EF8D80}.Release|Any CPU.Build.0 = Release|Any CPU
		{CF0D084E-E15D-4FB0-BD8B-39F6E791175B}.Debug|Any CPU.ActiveCfg = Debug|Any CPU
		{CF0D084E-E15D-4FB0-BD8B-39F6E791175B}.Debug|Any CPU.Build.0 = Debug|Any CPU
		{CF0D084E-E15D-4FB0-BD8B-39F6E791175B}.Release|Any CPU.ActiveCfg = Release|Any CPU
		{CF0D084E-E15D-4FB0-BD8B-39F6E791175B}.Release|Any CPU.Build.0 = Release|Any CPU
		{01C1BB5F-B983-47A5-B474-38A7D36E647B}.Debug|Any CPU.ActiveCfg = Debug|Any CPU
		{01C1BB5F-B983-47A5-B474-38A7D36E647B}.Debug|Any CPU.Build.0 = Debug|Any CPU
		{01C1BB5F-B983-47A5-B474-38A7D36E647B}.Release|Any CPU.ActiveCfg = Release|Any CPU
		{01C1BB5F-B983-47A5-B474-38A7D36E647B}.Release|Any CPU.Build.0 = Release|Any CPU
	EndGlobalSection
	GlobalSection(SolutionProperties) = preSolution
		HideSolutionNode = FALSE
	EndGlobalSection
	GlobalSection(ExtensibilityGlobals) = postSolution
		SolutionGuid = {910D6C48-7A80-4E7A-8A8B-A99A84709AE9}
	EndGlobalSection
EndGlobal
